// !$*UTF8*$!
{
	archiveVersion = 1;
	classes = {
	};
	objectVersion = 50;
	objects = {

/* Begin PBXBuildFile section */
		757B6E9A2401A3FF00D8B23C /* ClipsDetailViewController.swift in Sources */ = {isa = PBXBuildFile; fileRef = 757B6E992401A3FF00D8B23C /* ClipsDetailViewController.swift */; };
		757B6E9B2401B52600D8B23C /* beliver.mp4 in Resources */ = {isa = PBXBuildFile; fileRef = 75C31ADA23FB49C7000087F2 /* beliver.mp4 */; };
		757B6E9F2401C0ED00D8B23C /* Final.mp4 in Resources */ = {isa = PBXBuildFile; fileRef = 757B6E9E2401C0ED00D8B23C /* Final.mp4 */; };
		757B6EA12401C26700D8B23C /* Three Days Grace.mp4 in Resources */ = {isa = PBXBuildFile; fileRef = 757B6EA02401C26700D8B23C /* Three Days Grace.mp4 */; };
		757B6EA82402192B00D8B23C /* OptionsViewProtocol.swift in Sources */ = {isa = PBXBuildFile; fileRef = 757B6EA72402192B00D8B23C /* OptionsViewProtocol.swift */; };
		757B6EAA2402194600D8B23C /* OptionsPresenter.swift in Sources */ = {isa = PBXBuildFile; fileRef = 757B6EA92402194600D8B23C /* OptionsPresenter.swift */; };
		757B6EAC2402195300D8B23C /* OptionsPresenterProtocol.swift in Sources */ = {isa = PBXBuildFile; fileRef = 757B6EAB2402195300D8B23C /* OptionsPresenterProtocol.swift */; };
		757B6EAE2402AA4300D8B23C /* OptionViewController.swift in Sources */ = {isa = PBXBuildFile; fileRef = 757B6EAD2402AA4300D8B23C /* OptionViewController.swift */; };
		757B6EB02402ADD200D8B23C /* OptionsConfiguartion.swift in Sources */ = {isa = PBXBuildFile; fileRef = 757B6EAF2402ADD200D8B23C /* OptionsConfiguartion.swift */; };
		757B6EB32402AE8000D8B23C /* SortType.swift in Sources */ = {isa = PBXBuildFile; fileRef = 757B6EB22402AE7F00D8B23C /* SortType.swift */; };
		757B6EB724046C1200D8B23C /* SettingsViewController.swift in Sources */ = {isa = PBXBuildFile; fileRef = 757B6EB624046C1200D8B23C /* SettingsViewController.swift */; };
		757B6EBA24046CBB00D8B23C /* SettingsPresenter.swift in Sources */ = {isa = PBXBuildFile; fileRef = 757B6EB924046CBB00D8B23C /* SettingsPresenter.swift */; };
		757B6EBC24046CEA00D8B23C /* SettingsPresenterProtocol.swift in Sources */ = {isa = PBXBuildFile; fileRef = 757B6EBB24046CEA00D8B23C /* SettingsPresenterProtocol.swift */; };
		757B6EBE240476BC00D8B23C /* SettingsViewProtocol.swift in Sources */ = {isa = PBXBuildFile; fileRef = 757B6EBD240476BC00D8B23C /* SettingsViewProtocol.swift */; };
		757B6EC024047C0F00D8B23C /* UserDefaultsKeys.swift in Sources */ = {isa = PBXBuildFile; fileRef = 757B6EBF24047C0F00D8B23C /* UserDefaultsKeys.swift */; };
		757B6EC224047C5F00D8B23C /* UILabel+Extension.swift in Sources */ = {isa = PBXBuildFile; fileRef = 757B6EC124047C5F00D8B23C /* UILabel+Extension.swift */; };
		757B6EC5240522E200D8B23C /* FontTableViewCell.swift in Sources */ = {isa = PBXBuildFile; fileRef = 757B6EC4240522E200D8B23C /* FontTableViewCell.swift */; };
		75C31AB823FB2CFD000087F2 /* AppDelegate.swift in Sources */ = {isa = PBXBuildFile; fileRef = 75C31AB723FB2CFD000087F2 /* AppDelegate.swift */; };
		75C31ABF23FB2CFD000087F2 /* Main.storyboard in Resources */ = {isa = PBXBuildFile; fileRef = 75C31ABD23FB2CFD000087F2 /* Main.storyboard */; };
		75C31AC123FB2CFD000087F2 /* Assets.xcassets in Resources */ = {isa = PBXBuildFile; fileRef = 75C31AC023FB2CFD000087F2 /* Assets.xcassets */; };
		75C31AC423FB2CFD000087F2 /* LaunchScreen.storyboard in Resources */ = {isa = PBXBuildFile; fileRef = 75C31AC223FB2CFD000087F2 /* LaunchScreen.storyboard */; };
		75C31ACF23FB33A8000087F2 /* ClipsTableViewCell.swift in Sources */ = {isa = PBXBuildFile; fileRef = 75C31ACE23FB33A8000087F2 /* ClipsTableViewCell.swift */; };
		75C31AD123FB3685000087F2 /* ClipsTableViewController.swift in Sources */ = {isa = PBXBuildFile; fileRef = 75C31AD023FB3685000087F2 /* ClipsTableViewController.swift */; };
		75C31AD323FB37E0000087F2 /* ScreenFactory.swift in Sources */ = {isa = PBXBuildFile; fileRef = 75C31AD223FB37E0000087F2 /* ScreenFactory.swift */; };
		75C31AD923FB451E000087F2 /* clips.json in Resources */ = {isa = PBXBuildFile; fileRef = 75C31AD823FB451E000087F2 /* clips.json */; };
		75C31ADC23FC1127000087F2 /* ClipsTablePresenter.swift in Sources */ = {isa = PBXBuildFile; fileRef = 75C31ADB23FC1127000087F2 /* ClipsTablePresenter.swift */; };
		75C31ADE23FC114A000087F2 /* ClipsTablePresenterProtocol.swift in Sources */ = {isa = PBXBuildFile; fileRef = 75C31ADD23FC114A000087F2 /* ClipsTablePresenterProtocol.swift */; };
		75C31AE023FC125D000087F2 /* ClipsTableViewProtocol.swift in Sources */ = {isa = PBXBuildFile; fileRef = 75C31ADF23FC125D000087F2 /* ClipsTableViewProtocol.swift */; };
		75C31AE423FC1875000087F2 /* Clip.swift in Sources */ = {isa = PBXBuildFile; fileRef = 75C31AE323FC1875000087F2 /* Clip.swift */; };
		75C31AE623FC1BD7000087F2 /* ClipsService.swift in Sources */ = {isa = PBXBuildFile; fileRef = 75C31AE523FC1BD7000087F2 /* ClipsService.swift */; };
		75C31AF323FC5228000087F2 /* ClipsDetailViewProtocol.swift in Sources */ = {isa = PBXBuildFile; fileRef = 75C31AF223FC5228000087F2 /* ClipsDetailViewProtocol.swift */; };
		75C31AF523FC5246000087F2 /* ClipsDetailPresenter.swift in Sources */ = {isa = PBXBuildFile; fileRef = 75C31AF423FC5246000087F2 /* ClipsDetailPresenter.swift */; };
		75C31AF723FC525B000087F2 /* ClipsDetailPresenterProtocol.swift in Sources */ = {isa = PBXBuildFile; fileRef = 75C31AF623FC525B000087F2 /* ClipsDetailPresenterProtocol.swift */; };
/* End PBXBuildFile section */

/* Begin PBXFileReference section */
		757B6E992401A3FF00D8B23C /* ClipsDetailViewController.swift */ = {isa = PBXFileReference; lastKnownFileType = sourcecode.swift; path = ClipsDetailViewController.swift; sourceTree = "<group>"; };
		757B6E9E2401C0ED00D8B23C /* Final.mp4 */ = {isa = PBXFileReference; lastKnownFileType = file; path = Final.mp4; sourceTree = "<group>"; };
		757B6EA02401C26700D8B23C /* Three Days Grace.mp4 */ = {isa = PBXFileReference; lastKnownFileType = file; path = "Three Days Grace.mp4"; sourceTree = "<group>"; };
		757B6EA72402192B00D8B23C /* OptionsViewProtocol.swift */ = {isa = PBXFileReference; lastKnownFileType = sourcecode.swift; path = OptionsViewProtocol.swift; sourceTree = "<group>"; };
		757B6EA92402194600D8B23C /* OptionsPresenter.swift */ = {isa = PBXFileReference; lastKnownFileType = sourcecode.swift; path = OptionsPresenter.swift; sourceTree = "<group>"; };
		757B6EAB2402195300D8B23C /* OptionsPresenterProtocol.swift */ = {isa = PBXFileReference; lastKnownFileType = sourcecode.swift; path = OptionsPresenterProtocol.swift; sourceTree = "<group>"; };
		757B6EAD2402AA4300D8B23C /* OptionViewController.swift */ = {isa = PBXFileReference; lastKnownFileType = sourcecode.swift; path = OptionViewController.swift; sourceTree = "<group>"; };
		757B6EAF2402ADD200D8B23C /* OptionsConfiguartion.swift */ = {isa = PBXFileReference; lastKnownFileType = sourcecode.swift; path = OptionsConfiguartion.swift; sourceTree = "<group>"; };
		757B6EB22402AE7F00D8B23C /* SortType.swift */ = {isa = PBXFileReference; lastKnownFileType = sourcecode.swift; path = SortType.swift; sourceTree = "<group>"; };
		757B6EB624046C1200D8B23C /* SettingsViewController.swift */ = {isa = PBXFileReference; lastKnownFileType = sourcecode.swift; path = SettingsViewController.swift; sourceTree = "<group>"; };
		757B6EB924046CBB00D8B23C /* SettingsPresenter.swift */ = {isa = PBXFileReference; lastKnownFileType = sourcecode.swift; path = SettingsPresenter.swift; sourceTree = "<group>"; };
		757B6EBB24046CEA00D8B23C /* SettingsPresenterProtocol.swift */ = {isa = PBXFileReference; lastKnownFileType = sourcecode.swift; path = SettingsPresenterProtocol.swift; sourceTree = "<group>"; };
		757B6EBD240476BC00D8B23C /* SettingsViewProtocol.swift */ = {isa = PBXFileReference; lastKnownFileType = sourcecode.swift; path = SettingsViewProtocol.swift; sourceTree = "<group>"; };
		757B6EBF24047C0F00D8B23C /* UserDefaultsKeys.swift */ = {isa = PBXFileReference; lastKnownFileType = sourcecode.swift; path = UserDefaultsKeys.swift; sourceTree = "<group>"; };
		757B6EC124047C5F00D8B23C /* UILabel+Extension.swift */ = {isa = PBXFileReference; lastKnownFileType = sourcecode.swift; path = "UILabel+Extension.swift"; sourceTree = "<group>"; };
		757B6EC4240522E200D8B23C /* FontTableViewCell.swift */ = {isa = PBXFileReference; lastKnownFileType = sourcecode.swift; path = FontTableViewCell.swift; sourceTree = "<group>"; };
		75C31AB423FB2CFD000087F2 /* MusicClips.app */ = {isa = PBXFileReference; explicitFileType = wrapper.application; includeInIndex = 0; path = MusicClips.app; sourceTree = BUILT_PRODUCTS_DIR; };
		75C31AB723FB2CFD000087F2 /* AppDelegate.swift */ = {isa = PBXFileReference; lastKnownFileType = sourcecode.swift; path = AppDelegate.swift; sourceTree = "<group>"; };
		75C31ABE23FB2CFD000087F2 /* Base */ = {isa = PBXFileReference; lastKnownFileType = file.storyboard; name = Base; path = Base.lproj/Main.storyboard; sourceTree = "<group>"; };
		75C31AC023FB2CFD000087F2 /* Assets.xcassets */ = {isa = PBXFileReference; lastKnownFileType = folder.assetcatalog; path = Assets.xcassets; sourceTree = "<group>"; };
		75C31AC323FB2CFD000087F2 /* Base */ = {isa = PBXFileReference; lastKnownFileType = file.storyboard; name = Base; path = Base.lproj/LaunchScreen.storyboard; sourceTree = "<group>"; };
		75C31AC523FB2CFD000087F2 /* Info.plist */ = {isa = PBXFileReference; lastKnownFileType = text.plist.xml; path = Info.plist; sourceTree = "<group>"; };
		75C31ACE23FB33A8000087F2 /* ClipsTableViewCell.swift */ = {isa = PBXFileReference; lastKnownFileType = sourcecode.swift; path = ClipsTableViewCell.swift; sourceTree = "<group>"; };
		75C31AD023FB3685000087F2 /* ClipsTableViewController.swift */ = {isa = PBXFileReference; lastKnownFileType = sourcecode.swift; path = ClipsTableViewController.swift; sourceTree = "<group>"; };
		75C31AD223FB37E0000087F2 /* ScreenFactory.swift */ = {isa = PBXFileReference; lastKnownFileType = sourcecode.swift; path = ScreenFactory.swift; sourceTree = "<group>"; };
		75C31AD823FB451E000087F2 /* clips.json */ = {isa = PBXFileReference; lastKnownFileType = text.json; path = clips.json; sourceTree = "<group>"; };
		75C31ADA23FB49C7000087F2 /* beliver.mp4 */ = {isa = PBXFileReference; lastKnownFileType = file; path = beliver.mp4; sourceTree = "<group>"; };
		75C31ADB23FC1127000087F2 /* ClipsTablePresenter.swift */ = {isa = PBXFileReference; lastKnownFileType = sourcecode.swift; path = ClipsTablePresenter.swift; sourceTree = "<group>"; };
		75C31ADD23FC114A000087F2 /* ClipsTablePresenterProtocol.swift */ = {isa = PBXFileReference; lastKnownFileType = sourcecode.swift; path = ClipsTablePresenterProtocol.swift; sourceTree = "<group>"; };
		75C31ADF23FC125D000087F2 /* ClipsTableViewProtocol.swift */ = {isa = PBXFileReference; lastKnownFileType = sourcecode.swift; path = ClipsTableViewProtocol.swift; sourceTree = "<group>"; };
		75C31AE323FC1875000087F2 /* Clip.swift */ = {isa = PBXFileReference; lastKnownFileType = sourcecode.swift; path = Clip.swift; sourceTree = "<group>"; };
		75C31AE523FC1BD7000087F2 /* ClipsService.swift */ = {isa = PBXFileReference; lastKnownFileType = sourcecode.swift; path = ClipsService.swift; sourceTree = "<group>"; };
		75C31AF223FC5228000087F2 /* ClipsDetailViewProtocol.swift */ = {isa = PBXFileReference; lastKnownFileType = sourcecode.swift; path = ClipsDetailViewProtocol.swift; sourceTree = "<group>"; };
		75C31AF423FC5246000087F2 /* ClipsDetailPresenter.swift */ = {isa = PBXFileReference; lastKnownFileType = sourcecode.swift; path = ClipsDetailPresenter.swift; sourceTree = "<group>"; };
		75C31AF623FC525B000087F2 /* ClipsDetailPresenterProtocol.swift */ = {isa = PBXFileReference; lastKnownFileType = sourcecode.swift; path = ClipsDetailPresenterProtocol.swift; sourceTree = "<group>"; };
/* End PBXFileReference section */

/* Begin PBXFrameworksBuildPhase section */
		75C31AB123FB2CFD000087F2 /* Frameworks */ = {
			isa = PBXFrameworksBuildPhase;
			buildActionMask = 2147483647;
			files = (
			);
			runOnlyForDeploymentPostprocessing = 0;
		};
/* End PBXFrameworksBuildPhase section */

/* Begin PBXGroup section */
		757B6EA22402185400D8B23C /* OptionsScene */ = {
			isa = PBXGroup;
			children = (
				757B6EA3240218C200D8B23C /* View */,
				757B6EA4240218CE00D8B23C /* Presenter */,
			);
			path = OptionsScene;
			sourceTree = "<group>";
		};
		757B6EA3240218C200D8B23C /* View */ = {
			isa = PBXGroup;
			children = (
				757B6EAD2402AA4300D8B23C /* OptionViewController.swift */,
				757B6EA72402192B00D8B23C /* OptionsViewProtocol.swift */,
			);
			path = View;
			sourceTree = "<group>";
		};
		757B6EA4240218CE00D8B23C /* Presenter */ = {
			isa = PBXGroup;
			children = (
				757B6EA92402194600D8B23C /* OptionsPresenter.swift */,
				757B6EAB2402195300D8B23C /* OptionsPresenterProtocol.swift */,
			);
			path = Presenter;
			sourceTree = "<group>";
		};
		757B6EB424046AAE00D8B23C /* SettingsScene */ = {
			isa = PBXGroup;
			children = (
				757B6EC3240522B800D8B23C /* Cell */,
				757B6EB524046BE600D8B23C /* View */,
				757B6EB824046C8000D8B23C /* Presenter */,
			);
			path = SettingsScene;
			sourceTree = "<group>";
		};
		757B6EB524046BE600D8B23C /* View */ = {
			isa = PBXGroup;
			children = (
				757B6EB624046C1200D8B23C /* SettingsViewController.swift */,
				757B6EBD240476BC00D8B23C /* SettingsViewProtocol.swift */,
			);
			path = View;
			sourceTree = "<group>";
		};
		757B6EB824046C8000D8B23C /* Presenter */ = {
			isa = PBXGroup;
			children = (
				757B6EB924046CBB00D8B23C /* SettingsPresenter.swift */,
				757B6EBB24046CEA00D8B23C /* SettingsPresenterProtocol.swift */,
			);
			path = Presenter;
			sourceTree = "<group>";
		};
		757B6EC3240522B800D8B23C /* Cell */ = {
			isa = PBXGroup;
			children = (
				757B6EC4240522E200D8B23C /* FontTableViewCell.swift */,
			);
			path = Cell;
			sourceTree = "<group>";
		};
		75C31AAB23FB2CFD000087F2 = {
			isa = PBXGroup;
			children = (
				75C31AB623FB2CFD000087F2 /* MusicClips */,
				75C31AB523FB2CFD000087F2 /* Products */,
			);
			sourceTree = "<group>";
		};
		75C31AB523FB2CFD000087F2 /* Products */ = {
			isa = PBXGroup;
			children = (
				75C31AB423FB2CFD000087F2 /* MusicClips.app */,
			);
			name = Products;
			sourceTree = "<group>";
		};
		75C31AB623FB2CFD000087F2 /* MusicClips */ = {
			isa = PBXGroup;
			children = (
				75C31AB723FB2CFD000087F2 /* AppDelegate.swift */,
				75C31ABD23FB2CFD000087F2 /* Main.storyboard */,
				75C31AD223FB37E0000087F2 /* ScreenFactory.swift */,
				75C31ACB23FB2D49000087F2 /* Scenes */,
				757B6EB424046AAE00D8B23C /* SettingsScene */,
				75C31AE223FC1865000087F2 /* Model */,
				75C31AD723FB4406000087F2 /* Resources */,
				75C31AC223FB2CFD000087F2 /* LaunchScreen.storyboard */,
				75C31AC523FB2CFD000087F2 /* Info.plist */,
				75C31AE523FC1BD7000087F2 /* ClipsService.swift */,
				757B6EBF24047C0F00D8B23C /* UserDefaultsKeys.swift */,
				757B6EC124047C5F00D8B23C /* UILabel+Extension.swift */,
			);
			path = MusicClips;
			sourceTree = "<group>";
		};
		75C31ACB23FB2D49000087F2 /* Scenes */ = {
			isa = PBXGroup;
			children = (
				75C31AE123FC1839000087F2 /* ClipsTableScene */,
				75C31AE723FC50F8000087F2 /* ClipsDetailScene */,
				757B6EA22402185400D8B23C /* OptionsScene */,
			);
			path = Scenes;
			sourceTree = "<group>";
		};
		75C31AD423FB3FD9000087F2 /* Presenter */ = {
			isa = PBXGroup;
			children = (
				75C31ADB23FC1127000087F2 /* ClipsTablePresenter.swift */,
				75C31ADD23FC114A000087F2 /* ClipsTablePresenterProtocol.swift */,
			);
			path = Presenter;
			sourceTree = "<group>";
		};
		75C31AD523FB3FDD000087F2 /* View */ = {
			isa = PBXGroup;
			children = (
				75C31AD023FB3685000087F2 /* ClipsTableViewController.swift */,
				75C31ADF23FC125D000087F2 /* ClipsTableViewProtocol.swift */,
			);
			path = View;
			sourceTree = "<group>";
		};
		75C31AD623FB3FE1000087F2 /* Cell */ = {
			isa = PBXGroup;
			children = (
				75C31ACE23FB33A8000087F2 /* ClipsTableViewCell.swift */,
			);
			path = Cell;
			sourceTree = "<group>";
		};
		75C31AD723FB4406000087F2 /* Resources */ = {
			isa = PBXGroup;
			children = (
				75C31AC023FB2CFD000087F2 /* Assets.xcassets */,
				75C31AD823FB451E000087F2 /* clips.json */,
				757B6EA02401C26700D8B23C /* Three Days Grace.mp4 */,
				757B6E9E2401C0ED00D8B23C /* Final.mp4 */,
				75C31ADA23FB49C7000087F2 /* beliver.mp4 */,
			);
			path = Resources;
			sourceTree = "<group>";
		};
		75C31AE123FC1839000087F2 /* ClipsTableScene */ = {
			isa = PBXGroup;
			children = (
				75C31AD623FB3FE1000087F2 /* Cell */,
				75C31AD523FB3FDD000087F2 /* View */,
				75C31AD423FB3FD9000087F2 /* Presenter */,
			);
			path = ClipsTableScene;
			sourceTree = "<group>";
		};
		75C31AE223FC1865000087F2 /* Model */ = {
			isa = PBXGroup;
			children = (
				75C31AE323FC1875000087F2 /* Clip.swift */,
				757B6EAF2402ADD200D8B23C /* OptionsConfiguartion.swift */,
				757B6EB22402AE7F00D8B23C /* SortType.swift */,
			);
			path = Model;
			sourceTree = "<group>";
		};
		75C31AE723FC50F8000087F2 /* ClipsDetailScene */ = {
			isa = PBXGroup;
			children = (
				75C31AE823FC5123000087F2 /* View */,
				75C31AE923FC5131000087F2 /* Presenter */,
			);
			path = ClipsDetailScene;
			sourceTree = "<group>";
		};
		75C31AE823FC5123000087F2 /* View */ = {
			isa = PBXGroup;
			children = (
				757B6E992401A3FF00D8B23C /* ClipsDetailViewController.swift */,
				75C31AF223FC5228000087F2 /* ClipsDetailViewProtocol.swift */,
			);
			path = View;
			sourceTree = "<group>";
		};
		75C31AE923FC5131000087F2 /* Presenter */ = {
			isa = PBXGroup;
			children = (
				75C31AF423FC5246000087F2 /* ClipsDetailPresenter.swift */,
				75C31AF623FC525B000087F2 /* ClipsDetailPresenterProtocol.swift */,
			);
			path = Presenter;
			sourceTree = "<group>";
		};
/* End PBXGroup section */

/* Begin PBXNativeTarget section */
		75C31AB323FB2CFD000087F2 /* MusicClips */ = {
			isa = PBXNativeTarget;
			buildConfigurationList = 75C31AC823FB2CFD000087F2 /* Build configuration list for PBXNativeTarget "MusicClips" */;
			buildPhases = (
				75C31AB023FB2CFD000087F2 /* Sources */,
				75C31AB123FB2CFD000087F2 /* Frameworks */,
				75C31AB223FB2CFD000087F2 /* Resources */,
			);
			buildRules = (
			);
			dependencies = (
			);
			name = MusicClips;
			productName = MusicClips;
			productReference = 75C31AB423FB2CFD000087F2 /* MusicClips.app */;
			productType = "com.apple.product-type.application";
		};
/* End PBXNativeTarget section */

/* Begin PBXProject section */
		75C31AAC23FB2CFD000087F2 /* Project object */ = {
			isa = PBXProject;
			attributes = {
				LastSwiftUpdateCheck = 1130;
				LastUpgradeCheck = 1130;
				ORGANIZATIONNAME = "Maxim Rudy";
				TargetAttributes = {
					75C31AB323FB2CFD000087F2 = {
						CreatedOnToolsVersion = 11.3.1;
					};
				};
			};
			buildConfigurationList = 75C31AAF23FB2CFD000087F2 /* Build configuration list for PBXProject "MusicClips" */;
			compatibilityVersion = "Xcode 9.3";
			developmentRegion = en;
			hasScannedForEncodings = 0;
			knownRegions = (
				en,
				Base,
			);
			mainGroup = 75C31AAB23FB2CFD000087F2;
			productRefGroup = 75C31AB523FB2CFD000087F2 /* Products */;
			projectDirPath = "";
			projectRoot = "";
			targets = (
				75C31AB323FB2CFD000087F2 /* MusicClips */,
			);
		};
/* End PBXProject section */

/* Begin PBXResourcesBuildPhase section */
		75C31AB223FB2CFD000087F2 /* Resources */ = {
			isa = PBXResourcesBuildPhase;
			buildActionMask = 2147483647;
			files = (
				75C31AC423FB2CFD000087F2 /* LaunchScreen.storyboard in Resources */,
				75C31AD923FB451E000087F2 /* clips.json in Resources */,
				757B6E9B2401B52600D8B23C /* beliver.mp4 in Resources */,
				75C31AC123FB2CFD000087F2 /* Assets.xcassets in Resources */,
				757B6EA12401C26700D8B23C /* Three Days Grace.mp4 in Resources */,
				757B6E9F2401C0ED00D8B23C /* Final.mp4 in Resources */,
				75C31ABF23FB2CFD000087F2 /* Main.storyboard in Resources */,
			);
			runOnlyForDeploymentPostprocessing = 0;
		};
/* End PBXResourcesBuildPhase section */

/* Begin PBXSourcesBuildPhase section */
		75C31AB023FB2CFD000087F2 /* Sources */ = {
			isa = PBXSourcesBuildPhase;
			buildActionMask = 2147483647;
			files = (
				75C31AB823FB2CFD000087F2 /* AppDelegate.swift in Sources */,
				75C31ACF23FB33A8000087F2 /* ClipsTableViewCell.swift in Sources */,
				75C31ADE23FC114A000087F2 /* ClipsTablePresenterProtocol.swift in Sources */,
				757B6EBC24046CEA00D8B23C /* SettingsPresenterProtocol.swift in Sources */,
				757B6EC024047C0F00D8B23C /* UserDefaultsKeys.swift in Sources */,
				757B6EB724046C1200D8B23C /* SettingsViewController.swift in Sources */,
				757B6EA82402192B00D8B23C /* OptionsViewProtocol.swift in Sources */,
				757B6EAA2402194600D8B23C /* OptionsPresenter.swift in Sources */,
				75C31ADC23FC1127000087F2 /* ClipsTablePresenter.swift in Sources */,
				757B6EAE2402AA4300D8B23C /* OptionViewController.swift in Sources */,
				757B6EB02402ADD200D8B23C /* OptionsConfiguartion.swift in Sources */,
				75C31AF723FC525B000087F2 /* ClipsDetailPresenterProtocol.swift in Sources */,
				75C31AF323FC5228000087F2 /* ClipsDetailViewProtocol.swift in Sources */,
				757B6EB32402AE8000D8B23C /* SortType.swift in Sources */,
				75C31AD123FB3685000087F2 /* ClipsTableViewController.swift in Sources */,
				75C31AF523FC5246000087F2 /* ClipsDetailPresenter.swift in Sources */,
				75C31AE423FC1875000087F2 /* Clip.swift in Sources */,
				757B6EC224047C5F00D8B23C /* UILabel+Extension.swift in Sources */,
				75C31AD323FB37E0000087F2 /* ScreenFactory.swift in Sources */,
				757B6EBE240476BC00D8B23C /* SettingsViewProtocol.swift in Sources */,
				757B6EAC2402195300D8B23C /* OptionsPresenterProtocol.swift in Sources */,
				757B6E9A2401A3FF00D8B23C /* ClipsDetailViewController.swift in Sources */,
				757B6EC5240522E200D8B23C /* FontTableViewCell.swift in Sources */,
				75C31AE623FC1BD7000087F2 /* ClipsService.swift in Sources */,
				75C31AE023FC125D000087F2 /* ClipsTableViewProtocol.swift in Sources */,
				757B6EBA24046CBB00D8B23C /* SettingsPresenter.swift in Sources */,
			);
			runOnlyForDeploymentPostprocessing = 0;
		};
/* End PBXSourcesBuildPhase section */

/* Begin PBXVariantGroup section */
		75C31ABD23FB2CFD000087F2 /* Main.storyboard */ = {
			isa = PBXVariantGroup;
			children = (
				75C31ABE23FB2CFD000087F2 /* Base */,
			);
			name = Main.storyboard;
			sourceTree = "<group>";
		};
		75C31AC223FB2CFD000087F2 /* LaunchScreen.storyboard */ = {
			isa = PBXVariantGroup;
			children = (
				75C31AC323FB2CFD000087F2 /* Base */,
			);
			name = LaunchScreen.storyboard;
			sourceTree = "<group>";
		};
/* End PBXVariantGroup section */

/* Begin XCBuildConfiguration section */
		75C31AC623FB2CFD000087F2 /* Debug */ = {
			isa = XCBuildConfiguration;
			buildSettings = {
				ALWAYS_SEARCH_USER_PATHS = NO;
				CLANG_ANALYZER_NONNULL = YES;
				CLANG_ANALYZER_NUMBER_OBJECT_CONVERSION = YES_AGGRESSIVE;
				CLANG_CXX_LANGUAGE_STANDARD = "gnu++14";
				CLANG_CXX_LIBRARY = "libc++";
				CLANG_ENABLE_MODULES = YES;
				CLANG_ENABLE_OBJC_ARC = YES;
				CLANG_ENABLE_OBJC_WEAK = YES;
				CLANG_WARN_BLOCK_CAPTURE_AUTORELEASING = YES;
				CLANG_WARN_BOOL_CONVERSION = YES;
				CLANG_WARN_COMMA = YES;
				CLANG_WARN_CONSTANT_CONVERSION = YES;
				CLANG_WARN_DEPRECATED_OBJC_IMPLEMENTATIONS = YES;
				CLANG_WARN_DIRECT_OBJC_ISA_USAGE = YES_ERROR;
				CLANG_WARN_DOCUMENTATION_COMMENTS = YES;
				CLANG_WARN_EMPTY_BODY = YES;
				CLANG_WARN_ENUM_CONVERSION = YES;
				CLANG_WARN_INFINITE_RECURSION = YES;
				CLANG_WARN_INT_CONVERSION = YES;
				CLANG_WARN_NON_LITERAL_NULL_CONVERSION = YES;
				CLANG_WARN_OBJC_IMPLICIT_RETAIN_SELF = YES;
				CLANG_WARN_OBJC_LITERAL_CONVERSION = YES;
				CLANG_WARN_OBJC_ROOT_CLASS = YES_ERROR;
				CLANG_WARN_RANGE_LOOP_ANALYSIS = YES;
				CLANG_WARN_STRICT_PROTOTYPES = YES;
				CLANG_WARN_SUSPICIOUS_MOVE = YES;
				CLANG_WARN_UNGUARDED_AVAILABILITY = YES_AGGRESSIVE;
				CLANG_WARN_UNREACHABLE_CODE = YES;
				CLANG_WARN__DUPLICATE_METHOD_MATCH = YES;
				COPY_PHASE_STRIP = NO;
				DEBUG_INFORMATION_FORMAT = dwarf;
				ENABLE_STRICT_OBJC_MSGSEND = YES;
				ENABLE_TESTABILITY = YES;
				GCC_C_LANGUAGE_STANDARD = gnu11;
				GCC_DYNAMIC_NO_PIC = NO;
				GCC_NO_COMMON_BLOCKS = YES;
				GCC_OPTIMIZATION_LEVEL = 0;
				GCC_PREPROCESSOR_DEFINITIONS = (
					"DEBUG=1",
					"$(inherited)",
				);
				GCC_WARN_64_TO_32_BIT_CONVERSION = YES;
				GCC_WARN_ABOUT_RETURN_TYPE = YES_ERROR;
				GCC_WARN_UNDECLARED_SELECTOR = YES;
				GCC_WARN_UNINITIALIZED_AUTOS = YES_AGGRESSIVE;
				GCC_WARN_UNUSED_FUNCTION = YES;
				GCC_WARN_UNUSED_VARIABLE = YES;
				IPHONEOS_DEPLOYMENT_TARGET = 13.2;
				MTL_ENABLE_DEBUG_INFO = INCLUDE_SOURCE;
				MTL_FAST_MATH = YES;
				ONLY_ACTIVE_ARCH = YES;
				SDKROOT = iphoneos;
				SWIFT_ACTIVE_COMPILATION_CONDITIONS = DEBUG;
				SWIFT_OPTIMIZATION_LEVEL = "-Onone";
			};
			name = Debug;
		};
		75C31AC723FB2CFD000087F2 /* Release */ = {
			isa = XCBuildConfiguration;
			buildSettings = {
				ALWAYS_SEARCH_USER_PATHS = NO;
				CLANG_ANALYZER_NONNULL = YES;
				CLANG_ANALYZER_NUMBER_OBJECT_CONVERSION = YES_AGGRESSIVE;
				CLANG_CXX_LANGUAGE_STANDARD = "gnu++14";
				CLANG_CXX_LIBRARY = "libc++";
				CLANG_ENABLE_MODULES = YES;
				CLANG_ENABLE_OBJC_ARC = YES;
				CLANG_ENABLE_OBJC_WEAK = YES;
				CLANG_WARN_BLOCK_CAPTURE_AUTORELEASING = YES;
				CLANG_WARN_BOOL_CONVERSION = YES;
				CLANG_WARN_COMMA = YES;
				CLANG_WARN_CONSTANT_CONVERSION = YES;
				CLANG_WARN_DEPRECATED_OBJC_IMPLEMENTATIONS = YES;
				CLANG_WARN_DIRECT_OBJC_ISA_USAGE = YES_ERROR;
				CLANG_WARN_DOCUMENTATION_COMMENTS = YES;
				CLANG_WARN_EMPTY_BODY = YES;
				CLANG_WARN_ENUM_CONVERSION = YES;
				CLANG_WARN_INFINITE_RECURSION = YES;
				CLANG_WARN_INT_CONVERSION = YES;
				CLANG_WARN_NON_LITERAL_NULL_CONVERSION = YES;
				CLANG_WARN_OBJC_IMPLICIT_RETAIN_SELF = YES;
				CLANG_WARN_OBJC_LITERAL_CONVERSION = YES;
				CLANG_WARN_OBJC_ROOT_CLASS = YES_ERROR;
				CLANG_WARN_RANGE_LOOP_ANALYSIS = YES;
				CLANG_WARN_STRICT_PROTOTYPES = YES;
				CLANG_WARN_SUSPICIOUS_MOVE = YES;
				CLANG_WARN_UNGUARDED_AVAILABILITY = YES_AGGRESSIVE;
				CLANG_WARN_UNREACHABLE_CODE = YES;
				CLANG_WARN__DUPLICATE_METHOD_MATCH = YES;
				COPY_PHASE_STRIP = NO;
				DEBUG_INFORMATION_FORMAT = "dwarf-with-dsym";
				ENABLE_NS_ASSERTIONS = NO;
				ENABLE_STRICT_OBJC_MSGSEND = YES;
				GCC_C_LANGUAGE_STANDARD = gnu11;
				GCC_NO_COMMON_BLOCKS = YES;
				GCC_WARN_64_TO_32_BIT_CONVERSION = YES;
				GCC_WARN_ABOUT_RETURN_TYPE = YES_ERROR;
				GCC_WARN_UNDECLARED_SELECTOR = YES;
				GCC_WARN_UNINITIALIZED_AUTOS = YES_AGGRESSIVE;
				GCC_WARN_UNUSED_FUNCTION = YES;
				GCC_WARN_UNUSED_VARIABLE = YES;
				IPHONEOS_DEPLOYMENT_TARGET = 13.2;
				MTL_ENABLE_DEBUG_INFO = NO;
				MTL_FAST_MATH = YES;
				SDKROOT = iphoneos;
				SWIFT_COMPILATION_MODE = wholemodule;
				SWIFT_OPTIMIZATION_LEVEL = "-O";
				VALIDATE_PRODUCT = YES;
			};
			name = Release;
		};
		75C31AC923FB2CFD000087F2 /* Debug */ = {
			isa = XCBuildConfiguration;
			buildSettings = {
				ASSETCATALOG_COMPILER_APPICON_NAME = AppIcon;
				CODE_SIGN_STYLE = Automatic;
				DEVELOPMENT_TEAM = C3AP4U9YNT;
				INFOPLIST_FILE = MusicClips/Info.plist;
				LD_RUNPATH_SEARCH_PATHS = (
					"$(inherited)",
					"@executable_path/Frameworks",
				);
				PRODUCT_BUNDLE_IDENTIFIER = "-.MusicClips";
				PRODUCT_NAME = "$(TARGET_NAME)";
				SWIFT_VERSION = 5.0;
				TARGETED_DEVICE_FAMILY = "1,2";
			};
			name = Debug;
		};
		75C31ACA23FB2CFD000087F2 /* Release */ = {
			isa = XCBuildConfiguration;
			buildSettings = {
				ASSETCATALOG_COMPILER_APPICON_NAME = AppIcon;
				CODE_SIGN_STYLE = Automatic;
				DEVELOPMENT_TEAM = C3AP4U9YNT;
				INFOPLIST_FILE = MusicClips/Info.plist;
				LD_RUNPATH_SEARCH_PATHS = (
					"$(inherited)",
					"@executable_path/Frameworks",
				);
				PRODUCT_BUNDLE_IDENTIFIER = "-.MusicClips";
				PRODUCT_NAME = "$(TARGET_NAME)";
				SWIFT_VERSION = 5.0;
				TARGETED_DEVICE_FAMILY = "1,2";
			};
			name = Release;
		};
/* End XCBuildConfiguration section */

/* Begin XCConfigurationList section */
		75C31AAF23FB2CFD000087F2 /* Build configuration list for PBXProject "MusicClips" */ = {
			isa = XCConfigurationList;
			buildConfigurations = (
				75C31AC623FB2CFD000087F2 /* Debug */,
				75C31AC723FB2CFD000087F2 /* Release */,
			);
			defaultConfigurationIsVisible = 0;
			defaultConfigurationName = Release;
		};
		75C31AC823FB2CFD000087F2 /* Build configuration list for PBXNativeTarget "MusicClips" */ = {
			isa = XCConfigurationList;
			buildConfigurations = (
				75C31AC923FB2CFD000087F2 /* Debug */,
				75C31ACA23FB2CFD000087F2 /* Release */,
			);
			defaultConfigurationIsVisible = 0;
			defaultConfigurationName = Release;
		};
/* End XCConfigurationList section */
	};
	rootObject = 75C31AAC23FB2CFD000087F2 /* Project object */;
}
